// !$*UTF8*$!
{
	archiveVersion = 1;
	classes = {
	};
	objectVersion = 48;
	objects = {

/* Begin PBXBuildFile section */
		67D5A247CE3F53A729E4A46F /* Pods_vapeon.framework in Frameworks */ = {isa = PBXBuildFile; fileRef = 1EF13B39643F4E50EFB01C93 /* Pods_vapeon.framework */; };
		7C64F44A1FF31F75009CC5E7 /* AppDelegate.swift in Sources */ = {isa = PBXBuildFile; fileRef = 7C64F4491FF31F75009CC5E7 /* AppDelegate.swift */; };
		7C64F44F1FF31F75009CC5E7 /* Main.storyboard in Resources */ = {isa = PBXBuildFile; fileRef = 7C64F44D1FF31F75009CC5E7 /* Main.storyboard */; };
		7C64F4511FF31F75009CC5E7 /* Assets.xcassets in Resources */ = {isa = PBXBuildFile; fileRef = 7C64F4501FF31F75009CC5E7 /* Assets.xcassets */; };
		7C64F4541FF31F75009CC5E7 /* LaunchScreen.storyboard in Resources */ = {isa = PBXBuildFile; fileRef = 7C64F4521FF31F75009CC5E7 /* LaunchScreen.storyboard */; };
		7C64F45F1FF31F75009CC5E7 /* vapeonTests.swift in Sources */ = {isa = PBXBuildFile; fileRef = 7C64F45E1FF31F75009CC5E7 /* vapeonTests.swift */; };
		7C64F46A1FF31F75009CC5E7 /* vapeonUITests.swift in Sources */ = {isa = PBXBuildFile; fileRef = 7C64F4691FF31F75009CC5E7 /* vapeonUITests.swift */; };
		7C64F4781FF32194009CC5E7 /* GoogleService-Info.plist in Resources */ = {isa = PBXBuildFile; fileRef = 7C64F4771FF32194009CC5E7 /* GoogleService-Info.plist */; };
		7C64F47A1FF32476009CC5E7 /* LoginViewController.swift in Sources */ = {isa = PBXBuildFile; fileRef = 7C64F4791FF32476009CC5E7 /* LoginViewController.swift */; };
		7C64F47D1FF324AF009CC5E7 /* User.swift in Sources */ = {isa = PBXBuildFile; fileRef = 7C64F47C1FF324AF009CC5E7 /* User.swift */; };
		7C64F47F1FF331C5009CC5E7 /* RegisterViewController.swift in Sources */ = {isa = PBXBuildFile; fileRef = 7C64F47E1FF331C5009CC5E7 /* RegisterViewController.swift */; };
		CEFB753E6D26B92FE9337850 /* Pods_vapeonUITests.framework in Frameworks */ = {isa = PBXBuildFile; fileRef = 79F3C87055B461A96ECCF399 /* Pods_vapeonUITests.framework */; };
		DBA4D6D5814233B55D625349 /* Pods_vapeonTests.framework in Frameworks */ = {isa = PBXBuildFile; fileRef = 5C5342362579CD67F0472ECB /* Pods_vapeonTests.framework */; };
/* End PBXBuildFile section */

/* Begin PBXContainerItemProxy section */
		7C64F45B1FF31F75009CC5E7 /* PBXContainerItemProxy */ = {
			isa = PBXContainerItemProxy;
			containerPortal = 7C64F43E1FF31F75009CC5E7 /* Project object */;
			proxyType = 1;
			remoteGlobalIDString = 7C64F4451FF31F75009CC5E7;
			remoteInfo = vapeon;
		};
		7C64F4661FF31F75009CC5E7 /* PBXContainerItemProxy */ = {
			isa = PBXContainerItemProxy;
			containerPortal = 7C64F43E1FF31F75009CC5E7 /* Project object */;
			proxyType = 1;
			remoteGlobalIDString = 7C64F4451FF31F75009CC5E7;
			remoteInfo = vapeon;
		};
/* End PBXContainerItemProxy section */

/* Begin PBXFileReference section */
		1EF13B39643F4E50EFB01C93 /* Pods_vapeon.framework */ = {isa = PBXFileReference; explicitFileType = wrapper.framework; includeInIndex = 0; path = Pods_vapeon.framework; sourceTree = BUILT_PRODUCTS_DIR; };
		288D79648C191F7073A578A6 /* Pods-vapeonTests.debug.xcconfig */ = {isa = PBXFileReference; includeInIndex = 1; lastKnownFileType = text.xcconfig; name = "Pods-vapeonTests.debug.xcconfig"; path = "Pods/Target Support Files/Pods-vapeonTests/Pods-vapeonTests.debug.xcconfig"; sourceTree = "<group>"; };
		44A803AFBC25EBE4035E5F85 /* Pods-vapeon.debug.xcconfig */ = {isa = PBXFileReference; includeInIndex = 1; lastKnownFileType = text.xcconfig; name = "Pods-vapeon.debug.xcconfig"; path = "Pods/Target Support Files/Pods-vapeon/Pods-vapeon.debug.xcconfig"; sourceTree = "<group>"; };
		5C5342362579CD67F0472ECB /* Pods_vapeonTests.framework */ = {isa = PBXFileReference; explicitFileType = wrapper.framework; includeInIndex = 0; path = Pods_vapeonTests.framework; sourceTree = BUILT_PRODUCTS_DIR; };
		789D58CD6CDBA44DBAD43F18 /* Pods-vapeonUITests.debug.xcconfig */ = {isa = PBXFileReference; includeInIndex = 1; lastKnownFileType = text.xcconfig; name = "Pods-vapeonUITests.debug.xcconfig"; path = "Pods/Target Support Files/Pods-vapeonUITests/Pods-vapeonUITests.debug.xcconfig"; sourceTree = "<group>"; };
		79F3C87055B461A96ECCF399 /* Pods_vapeonUITests.framework */ = {isa = PBXFileReference; explicitFileType = wrapper.framework; includeInIndex = 0; path = Pods_vapeonUITests.framework; sourceTree = BUILT_PRODUCTS_DIR; };
		7C64F4461FF31F75009CC5E7 /* vapeon.app */ = {isa = PBXFileReference; explicitFileType = wrapper.application; includeInIndex = 0; path = vapeon.app; sourceTree = BUILT_PRODUCTS_DIR; };
		7C64F4491FF31F75009CC5E7 /* AppDelegate.swift */ = {isa = PBXFileReference; lastKnownFileType = sourcecode.swift; path = AppDelegate.swift; sourceTree = "<group>"; };
		7C64F44E1FF31F75009CC5E7 /* Base */ = {isa = PBXFileReference; lastKnownFileType = file.storyboard; name = Base; path = Base.lproj/Main.storyboard; sourceTree = "<group>"; };
		7C64F4501FF31F75009CC5E7 /* Assets.xcassets */ = {isa = PBXFileReference; lastKnownFileType = folder.assetcatalog; path = Assets.xcassets; sourceTree = "<group>"; };
		7C64F4531FF31F75009CC5E7 /* Base */ = {isa = PBXFileReference; lastKnownFileType = file.storyboard; name = Base; path = Base.lproj/LaunchScreen.storyboard; sourceTree = "<group>"; };
		7C64F4551FF31F75009CC5E7 /* Info.plist */ = {isa = PBXFileReference; lastKnownFileType = text.plist.xml; path = Info.plist; sourceTree = "<group>"; };
		7C64F45A1FF31F75009CC5E7 /* vapeonTests.xctest */ = {isa = PBXFileReference; explicitFileType = wrapper.cfbundle; includeInIndex = 0; path = vapeonTests.xctest; sourceTree = BUILT_PRODUCTS_DIR; };
		7C64F45E1FF31F75009CC5E7 /* vapeonTests.swift */ = {isa = PBXFileReference; lastKnownFileType = sourcecode.swift; path = vapeonTests.swift; sourceTree = "<group>"; };
		7C64F4601FF31F75009CC5E7 /* Info.plist */ = {isa = PBXFileReference; lastKnownFileType = text.plist.xml; path = Info.plist; sourceTree = "<group>"; };
		7C64F4651FF31F75009CC5E7 /* vapeonUITests.xctest */ = {isa = PBXFileReference; explicitFileType = wrapper.cfbundle; includeInIndex = 0; path = vapeonUITests.xctest; sourceTree = BUILT_PRODUCTS_DIR; };
		7C64F4691FF31F75009CC5E7 /* vapeonUITests.swift */ = {isa = PBXFileReference; lastKnownFileType = sourcecode.swift; path = vapeonUITests.swift; sourceTree = "<group>"; };
		7C64F46B1FF31F75009CC5E7 /* Info.plist */ = {isa = PBXFileReference; lastKnownFileType = text.plist.xml; path = Info.plist; sourceTree = "<group>"; };
		7C64F4771FF32194009CC5E7 /* GoogleService-Info.plist */ = {isa = PBXFileReference; fileEncoding = 4; lastKnownFileType = text.plist.xml; path = "GoogleService-Info.plist"; sourceTree = "<group>"; };
		7C64F4791FF32476009CC5E7 /* LoginViewController.swift */ = {isa = PBXFileReference; lastKnownFileType = sourcecode.swift; path = LoginViewController.swift; sourceTree = "<group>"; };
		7C64F47C1FF324AF009CC5E7 /* User.swift */ = {isa = PBXFileReference; lastKnownFileType = sourcecode.swift; path = User.swift; sourceTree = "<group>"; };
		7C64F47E1FF331C5009CC5E7 /* RegisterViewController.swift */ = {isa = PBXFileReference; lastKnownFileType = sourcecode.swift; path = RegisterViewController.swift; sourceTree = "<group>"; };
		89151822A413A0ECCB3350C6 /* Pods-vapeonUITests.release.xcconfig */ = {isa = PBXFileReference; includeInIndex = 1; lastKnownFileType = text.xcconfig; name = "Pods-vapeonUITests.release.xcconfig"; path = "Pods/Target Support Files/Pods-vapeonUITests/Pods-vapeonUITests.release.xcconfig"; sourceTree = "<group>"; };
		A0F1DF19902910550E905B50 /* Pods-vapeon.release.xcconfig */ = {isa = PBXFileReference; includeInIndex = 1; lastKnownFileType = text.xcconfig; name = "Pods-vapeon.release.xcconfig"; path = "Pods/Target Support Files/Pods-vapeon/Pods-vapeon.release.xcconfig"; sourceTree = "<group>"; };
		B7A0B7C201AE5AFFD5B58252 /* Pods-vapeonTests.release.xcconfig */ = {isa = PBXFileReference; includeInIndex = 1; lastKnownFileType = text.xcconfig; name = "Pods-vapeonTests.release.xcconfig"; path = "Pods/Target Support Files/Pods-vapeonTests/Pods-vapeonTests.release.xcconfig"; sourceTree = "<group>"; };
/* End PBXFileReference section */

/* Begin PBXFrameworksBuildPhase section */
		7C64F4431FF31F75009CC5E7 /* Frameworks */ = {
			isa = PBXFrameworksBuildPhase;
			buildActionMask = 2147483647;
			files = (
				67D5A247CE3F53A729E4A46F /* Pods_vapeon.framework in Frameworks */,
			);
			runOnlyForDeploymentPostprocessing = 0;
		};
		7C64F4571FF31F75009CC5E7 /* Frameworks */ = {
			isa = PBXFrameworksBuildPhase;
			buildActionMask = 2147483647;
			files = (
				DBA4D6D5814233B55D625349 /* Pods_vapeonTests.framework in Frameworks */,
			);
			runOnlyForDeploymentPostprocessing = 0;
		};
		7C64F4621FF31F75009CC5E7 /* Frameworks */ = {
			isa = PBXFrameworksBuildPhase;
			buildActionMask = 2147483647;
			files = (
				CEFB753E6D26B92FE9337850 /* Pods_vapeonUITests.framework in Frameworks */,
			);
			runOnlyForDeploymentPostprocessing = 0;
		};
/* End PBXFrameworksBuildPhase section */

/* Begin PBXGroup section */
		47BA8EADA7F7E051D6CCC104 /* Frameworks */ = {
			isa = PBXGroup;
			children = (
				1EF13B39643F4E50EFB01C93 /* Pods_vapeon.framework */,
				5C5342362579CD67F0472ECB /* Pods_vapeonTests.framework */,
				79F3C87055B461A96ECCF399 /* Pods_vapeonUITests.framework */,
			);
			name = Frameworks;
			sourceTree = "<group>";
		};
		7C64F43D1FF31F75009CC5E7 = {
			isa = PBXGroup;
			children = (
				7C64F4481FF31F75009CC5E7 /* vapeon */,
				7C64F45D1FF31F75009CC5E7 /* vapeonTests */,
				7C64F4681FF31F75009CC5E7 /* vapeonUITests */,
				7C64F4471FF31F75009CC5E7 /* Products */,
				C6F729548D4BBB132889B5B6 /* Pods */,
				47BA8EADA7F7E051D6CCC104 /* Frameworks */,
			);
			sourceTree = "<group>";
		};
		7C64F4471FF31F75009CC5E7 /* Products */ = {
			isa = PBXGroup;
			children = (
				7C64F4461FF31F75009CC5E7 /* vapeon.app */,
				7C64F45A1FF31F75009CC5E7 /* vapeonTests.xctest */,
				7C64F4651FF31F75009CC5E7 /* vapeonUITests.xctest */,
			);
			name = Products;
			sourceTree = "<group>";
		};
		7C64F4481FF31F75009CC5E7 /* vapeon */ = {
			isa = PBXGroup;
			children = (
				7C64F47B1FF3248C009CC5E7 /* model */,
				7C64F4771FF32194009CC5E7 /* GoogleService-Info.plist */,
				7C64F4491FF31F75009CC5E7 /* AppDelegate.swift */,
				7C64F4791FF32476009CC5E7 /* LoginViewController.swift */,
				7C64F44D1FF31F75009CC5E7 /* Main.storyboard */,
				7C64F4501FF31F75009CC5E7 /* Assets.xcassets */,
				7C64F4521FF31F75009CC5E7 /* LaunchScreen.storyboard */,
				7C64F4551FF31F75009CC5E7 /* Info.plist */,
				7C64F47E1FF331C5009CC5E7 /* RegisterViewController.swift */,
			);
			path = vapeon;
			sourceTree = "<group>";
		};
		7C64F45D1FF31F75009CC5E7 /* vapeonTests */ = {
			isa = PBXGroup;
			children = (
				7C64F45E1FF31F75009CC5E7 /* vapeonTests.swift */,
				7C64F4601FF31F75009CC5E7 /* Info.plist */,
			);
			path = vapeonTests;
			sourceTree = "<group>";
		};
		7C64F4681FF31F75009CC5E7 /* vapeonUITests */ = {
			isa = PBXGroup;
			children = (
				7C64F4691FF31F75009CC5E7 /* vapeonUITests.swift */,
				7C64F46B1FF31F75009CC5E7 /* Info.plist */,
			);
			path = vapeonUITests;
			sourceTree = "<group>";
		};
		7C64F47B1FF3248C009CC5E7 /* model */ = {
			isa = PBXGroup;
			children = (
				7C64F47C1FF324AF009CC5E7 /* User.swift */,
			);
			path = model;
			sourceTree = "<group>";
		};
		C6F729548D4BBB132889B5B6 /* Pods */ = {
			isa = PBXGroup;
			children = (
				44A803AFBC25EBE4035E5F85 /* Pods-vapeon.debug.xcconfig */,
				A0F1DF19902910550E905B50 /* Pods-vapeon.release.xcconfig */,
				288D79648C191F7073A578A6 /* Pods-vapeonTests.debug.xcconfig */,
				B7A0B7C201AE5AFFD5B58252 /* Pods-vapeonTests.release.xcconfig */,
				789D58CD6CDBA44DBAD43F18 /* Pods-vapeonUITests.debug.xcconfig */,
				89151822A413A0ECCB3350C6 /* Pods-vapeonUITests.release.xcconfig */,
			);
			name = Pods;
			sourceTree = "<group>";
		};
/* End PBXGroup section */

/* Begin PBXNativeTarget section */
		7C64F4451FF31F75009CC5E7 /* vapeon */ = {
			isa = PBXNativeTarget;
			buildConfigurationList = 7C64F46E1FF31F75009CC5E7 /* Build configuration list for PBXNativeTarget "vapeon" */;
			buildPhases = (
				E1990856016BAEB16941ECCE /* [CP] Check Pods Manifest.lock */,
				7C64F4421FF31F75009CC5E7 /* Sources */,
				7C64F4431FF31F75009CC5E7 /* Frameworks */,
				7C64F4441FF31F75009CC5E7 /* Resources */,
				03C7C1BDC511E3FF965E89C5 /* [CP] Embed Pods Frameworks */,
				3EF446E05ECBFDA392B7782A /* [CP] Copy Pods Resources */,
			);
			buildRules = (
			);
			dependencies = (
			);
			name = vapeon;
			productName = vapeon;
			productReference = 7C64F4461FF31F75009CC5E7 /* vapeon.app */;
			productType = "com.apple.product-type.application";
		};
		7C64F4591FF31F75009CC5E7 /* vapeonTests */ = {
			isa = PBXNativeTarget;
			buildConfigurationList = 7C64F4711FF31F75009CC5E7 /* Build configuration list for PBXNativeTarget "vapeonTests" */;
			buildPhases = (
				325A0B7DAC233497AD6ADCB7 /* [CP] Check Pods Manifest.lock */,
				7C64F4561FF31F75009CC5E7 /* Sources */,
				7C64F4571FF31F75009CC5E7 /* Frameworks */,
				7C64F4581FF31F75009CC5E7 /* Resources */,
				33F6AAB6C395424FDA37DF98 /* [CP] Embed Pods Frameworks */,
				8A3F9F606FD79CE739C554F7 /* [CP] Copy Pods Resources */,
			);
			buildRules = (
			);
			dependencies = (
				7C64F45C1FF31F75009CC5E7 /* PBXTargetDependency */,
			);
			name = vapeonTests;
			productName = vapeonTests;
			productReference = 7C64F45A1FF31F75009CC5E7 /* vapeonTests.xctest */;
			productType = "com.apple.product-type.bundle.unit-test";
		};
		7C64F4641FF31F75009CC5E7 /* vapeonUITests */ = {
			isa = PBXNativeTarget;
			buildConfigurationList = 7C64F4741FF31F75009CC5E7 /* Build configuration list for PBXNativeTarget "vapeonUITests" */;
			buildPhases = (
				030FA0BBA529728B6F04A318 /* [CP] Check Pods Manifest.lock */,
				7C64F4611FF31F75009CC5E7 /* Sources */,
				7C64F4621FF31F75009CC5E7 /* Frameworks */,
				7C64F4631FF31F75009CC5E7 /* Resources */,
				A3A2CFAE5D13579A16561B89 /* [CP] Embed Pods Frameworks */,
				73EACAB888547E96C7486B70 /* [CP] Copy Pods Resources */,
			);
			buildRules = (
			);
			dependencies = (
				7C64F4671FF31F75009CC5E7 /* PBXTargetDependency */,
			);
			name = vapeonUITests;
			productName = vapeonUITests;
			productReference = 7C64F4651FF31F75009CC5E7 /* vapeonUITests.xctest */;
			productType = "com.apple.product-type.bundle.ui-testing";
		};
/* End PBXNativeTarget section */

/* Begin PBXProject section */
		7C64F43E1FF31F75009CC5E7 /* Project object */ = {
			isa = PBXProject;
			attributes = {
				LastSwiftUpdateCheck = 0910;
				LastUpgradeCheck = 0910;
				ORGANIZATIONNAME = "Roberto García";
				TargetAttributes = {
					7C64F4451FF31F75009CC5E7 = {
						CreatedOnToolsVersion = 9.1;
						ProvisioningStyle = Automatic;
					};
					7C64F4591FF31F75009CC5E7 = {
						CreatedOnToolsVersion = 9.1;
						ProvisioningStyle = Automatic;
						TestTargetID = 7C64F4451FF31F75009CC5E7;
					};
					7C64F4641FF31F75009CC5E7 = {
						CreatedOnToolsVersion = 9.1;
						ProvisioningStyle = Automatic;
						TestTargetID = 7C64F4451FF31F75009CC5E7;
					};
				};
			};
			buildConfigurationList = 7C64F4411FF31F75009CC5E7 /* Build configuration list for PBXProject "vapeon" */;
			compatibilityVersion = "Xcode 8.0";
			developmentRegion = en;
			hasScannedForEncodings = 0;
			knownRegions = (
				en,
				Base,
			);
			mainGroup = 7C64F43D1FF31F75009CC5E7;
			productRefGroup = 7C64F4471FF31F75009CC5E7 /* Products */;
			projectDirPath = "";
			projectRoot = "";
			targets = (
				7C64F4451FF31F75009CC5E7 /* vapeon */,
				7C64F4591FF31F75009CC5E7 /* vapeonTests */,
				7C64F4641FF31F75009CC5E7 /* vapeonUITests */,
			);
		};
/* End PBXProject section */

/* Begin PBXResourcesBuildPhase section */
		7C64F4441FF31F75009CC5E7 /* Resources */ = {
			isa = PBXResourcesBuildPhase;
			buildActionMask = 2147483647;
			files = (
				7C64F4541FF31F75009CC5E7 /* LaunchScreen.storyboard in Resources */,
				7C64F4781FF32194009CC5E7 /* GoogleService-Info.plist in Resources */,
				7C64F4511FF31F75009CC5E7 /* Assets.xcassets in Resources */,
				7C64F44F1FF31F75009CC5E7 /* Main.storyboard in Resources */,
			);
			runOnlyForDeploymentPostprocessing = 0;
		};
		7C64F4581FF31F75009CC5E7 /* Resources */ = {
			isa = PBXResourcesBuildPhase;
			buildActionMask = 2147483647;
			files = (
			);
			runOnlyForDeploymentPostprocessing = 0;
		};
		7C64F4631FF31F75009CC5E7 /* Resources */ = {
			isa = PBXResourcesBuildPhase;
			buildActionMask = 2147483647;
			files = (
			);
			runOnlyForDeploymentPostprocessing = 0;
		};
/* End PBXResourcesBuildPhase section */

/* Begin PBXShellScriptBuildPhase section */
		030FA0BBA529728B6F04A318 /* [CP] Check Pods Manifest.lock */ = {
			isa = PBXShellScriptBuildPhase;
			buildActionMask = 2147483647;
			files = (
			);
			inputPaths = (
				"${PODS_PODFILE_DIR_PATH}/Podfile.lock",
				"${PODS_ROOT}/Manifest.lock",
			);
			name = "[CP] Check Pods Manifest.lock";
			outputPaths = (
				"$(DERIVED_FILE_DIR)/Pods-vapeonUITests-checkManifestLockResult.txt",
			);
			runOnlyForDeploymentPostprocessing = 0;
			shellPath = /bin/sh;
			shellScript = "diff \"${PODS_PODFILE_DIR_PATH}/Podfile.lock\" \"${PODS_ROOT}/Manifest.lock\" > /dev/null\nif [ $? != 0 ] ; then\n    # print error to STDERR\n    echo \"error: The sandbox is not in sync with the Podfile.lock. Run 'pod install' or update your CocoaPods installation.\" >&2\n    exit 1\nfi\n# This output is used by Xcode 'outputs' to avoid re-running this script phase.\necho \"SUCCESS\" > \"${SCRIPT_OUTPUT_FILE_0}\"\n";
			showEnvVarsInLog = 0;
		};
		03C7C1BDC511E3FF965E89C5 /* [CP] Embed Pods Frameworks */ = {
			isa = PBXShellScriptBuildPhase;
			buildActionMask = 2147483647;
			files = (
			);
			inputPaths = (
				"${SRCROOT}/Pods/Target Support Files/Pods-vapeon/Pods-vapeon-frameworks.sh",
				"${BUILT_PRODUCTS_DIR}/GTMSessionFetcher/GTMSessionFetcher.framework",
				"${BUILT_PRODUCTS_DIR}/GoogleToolboxForMac/GoogleToolboxForMac.framework",
				"${BUILT_PRODUCTS_DIR}/nanopb/nanopb.framework",
			);
			name = "[CP] Embed Pods Frameworks";
			outputPaths = (
				"${TARGET_BUILD_DIR}/${FRAMEWORKS_FOLDER_PATH}/GTMSessionFetcher.framework",
				"${TARGET_BUILD_DIR}/${FRAMEWORKS_FOLDER_PATH}/GoogleToolboxForMac.framework",
				"${TARGET_BUILD_DIR}/${FRAMEWORKS_FOLDER_PATH}/nanopb.framework",
			);
			runOnlyForDeploymentPostprocessing = 0;
			shellPath = /bin/sh;
			shellScript = "\"${SRCROOT}/Pods/Target Support Files/Pods-vapeon/Pods-vapeon-frameworks.sh\"\n";
			showEnvVarsInLog = 0;
		};
		325A0B7DAC233497AD6ADCB7 /* [CP] Check Pods Manifest.lock */ = {
			isa = PBXShellScriptBuildPhase;
			buildActionMask = 2147483647;
			files = (
			);
			inputPaths = (
				"${PODS_PODFILE_DIR_PATH}/Podfile.lock",
				"${PODS_ROOT}/Manifest.lock",
			);
			name = "[CP] Check Pods Manifest.lock";
			outputPaths = (
				"$(DERIVED_FILE_DIR)/Pods-vapeonTests-checkManifestLockResult.txt",
			);
			runOnlyForDeploymentPostprocessing = 0;
			shellPath = /bin/sh;
			shellScript = "diff \"${PODS_PODFILE_DIR_PATH}/Podfile.lock\" \"${PODS_ROOT}/Manifest.lock\" > /dev/null\nif [ $? != 0 ] ; then\n    # print error to STDERR\n    echo \"error: The sandbox is not in sync with the Podfile.lock. Run 'pod install' or update your CocoaPods installation.\" >&2\n    exit 1\nfi\n# This output is used by Xcode 'outputs' to avoid re-running this script phase.\necho \"SUCCESS\" > \"${SCRIPT_OUTPUT_FILE_0}\"\n";
			showEnvVarsInLog = 0;
		};
		33F6AAB6C395424FDA37DF98 /* [CP] Embed Pods Frameworks */ = {
			isa = PBXShellScriptBuildPhase;
			buildActionMask = 2147483647;
			files = (
			);
			inputPaths = (
			);
			name = "[CP] Embed Pods Frameworks";
			outputPaths = (
			);
			runOnlyForDeploymentPostprocessing = 0;
			shellPath = /bin/sh;
			shellScript = "\"${SRCROOT}/Pods/Target Support Files/Pods-vapeonTests/Pods-vapeonTests-frameworks.sh\"\n";
			showEnvVarsInLog = 0;
		};
		3EF446E05ECBFDA392B7782A /* [CP] Copy Pods Resources */ = {
			isa = PBXShellScriptBuildPhase;
			buildActionMask = 2147483647;
			files = (
			);
			inputPaths = (
			);
			name = "[CP] Copy Pods Resources";
			outputPaths = (
			);
			runOnlyForDeploymentPostprocessing = 0;
			shellPath = /bin/sh;
			shellScript = "\"${SRCROOT}/Pods/Target Support Files/Pods-vapeon/Pods-vapeon-resources.sh\"\n";
			showEnvVarsInLog = 0;
		};
		73EACAB888547E96C7486B70 /* [CP] Copy Pods Resources */ = {
			isa = PBXShellScriptBuildPhase;
			buildActionMask = 2147483647;
			files = (
			);
			inputPaths = (
			);
			name = "[CP] Copy Pods Resources";
			outputPaths = (
			);
			runOnlyForDeploymentPostprocessing = 0;
			shellPath = /bin/sh;
			shellScript = "\"${SRCROOT}/Pods/Target Support Files/Pods-vapeonUITests/Pods-vapeonUITests-resources.sh\"\n";
			showEnvVarsInLog = 0;
		};
		8A3F9F606FD79CE739C554F7 /* [CP] Copy Pods Resources */ = {
			isa = PBXShellScriptBuildPhase;
			buildActionMask = 2147483647;
			files = (
			);
			inputPaths = (
			);
			name = "[CP] Copy Pods Resources";
			outputPaths = (
			);
			runOnlyForDeploymentPostprocessing = 0;
			shellPath = /bin/sh;
			shellScript = "\"${SRCROOT}/Pods/Target Support Files/Pods-vapeonTests/Pods-vapeonTests-resources.sh\"\n";
			showEnvVarsInLog = 0;
		};
		A3A2CFAE5D13579A16561B89 /* [CP] Embed Pods Frameworks */ = {
			isa = PBXShellScriptBuildPhase;
			buildActionMask = 2147483647;
			files = (
			);
			inputPaths = (
			);
			name = "[CP] Embed Pods Frameworks";
			outputPaths = (
			);
			runOnlyForDeploymentPostprocessing = 0;
			shellPath = /bin/sh;
			shellScript = "\"${SRCROOT}/Pods/Target Support Files/Pods-vapeonUITests/Pods-vapeonUITests-frameworks.sh\"\n";
			showEnvVarsInLog = 0;
		};
		E1990856016BAEB16941ECCE /* [CP] Check Pods Manifest.lock */ = {
			isa = PBXShellScriptBuildPhase;
			buildActionMask = 2147483647;
			files = (
			);
			inputPaths = (
				"${PODS_PODFILE_DIR_PATH}/Podfile.lock",
				"${PODS_ROOT}/Manifest.lock",
			);
			name = "[CP] Check Pods Manifest.lock";
			outputPaths = (
				"$(DERIVED_FILE_DIR)/Pods-vapeon-checkManifestLockResult.txt",
			);
			runOnlyForDeploymentPostprocessing = 0;
			shellPath = /bin/sh;
			shellScript = "diff \"${PODS_PODFILE_DIR_PATH}/Podfile.lock\" \"${PODS_ROOT}/Manifest.lock\" > /dev/null\nif [ $? != 0 ] ; then\n    # print error to STDERR\n    echo \"error: The sandbox is not in sync with the Podfile.lock. Run 'pod install' or update your CocoaPods installation.\" >&2\n    exit 1\nfi\n# This output is used by Xcode 'outputs' to avoid re-running this script phase.\necho \"SUCCESS\" > \"${SCRIPT_OUTPUT_FILE_0}\"\n";
			showEnvVarsInLog = 0;
		};
/* End PBXShellScriptBuildPhase section */

/* Begin PBXSourcesBuildPhase section */
		7C64F4421FF31F75009CC5E7 /* Sources */ = {
			isa = PBXSourcesBuildPhase;
			buildActionMask = 2147483647;
			files = (
				7C64F47A1FF32476009CC5E7 /* LoginViewController.swift in Sources */,
				7C64F44A1FF31F75009CC5E7 /* AppDelegate.swift in Sources */,
				7C64F47D1FF324AF009CC5E7 /* User.swift in Sources */,
				7C64F47F1FF331C5009CC5E7 /* RegisterViewController.swift in Sources */,
			);
			runOnlyForDeploymentPostprocessing = 0;
		};
		7C64F4561FF31F75009CC5E7 /* Sources */ = {
			isa = PBXSourcesBuildPhase;
			buildActionMask = 2147483647;
			files = (
				7C64F45F1FF31F75009CC5E7 /* vapeonTests.swift in Sources */,
			);
			runOnlyForDeploymentPostprocessing = 0;
		};
		7C64F4611FF31F75009CC5E7 /* Sources */ = {
			isa = PBXSourcesBuildPhase;
			buildActionMask = 2147483647;
			files = (
				7C64F46A1FF31F75009CC5E7 /* vapeonUITests.swift in Sources */,
			);
			runOnlyForDeploymentPostprocessing = 0;
		};
/* End PBXSourcesBuildPhase section */

/* Begin PBXTargetDependency section */
		7C64F45C1FF31F75009CC5E7 /* PBXTargetDependency */ = {
			isa = PBXTargetDependency;
			target = 7C64F4451FF31F75009CC5E7 /* vapeon */;
			targetProxy = 7C64F45B1FF31F75009CC5E7 /* PBXContainerItemProxy */;
		};
		7C64F4671FF31F75009CC5E7 /* PBXTargetDependency */ = {
			isa = PBXTargetDependency;
			target = 7C64F4451FF31F75009CC5E7 /* vapeon */;
			targetProxy = 7C64F4661FF31F75009CC5E7 /* PBXContainerItemProxy */;
		};
/* End PBXTargetDependency section */

/* Begin PBXVariantGroup section */
		7C64F44D1FF31F75009CC5E7 /* Main.storyboard */ = {
			isa = PBXVariantGroup;
			children = (
				7C64F44E1FF31F75009CC5E7 /* Base */,
			);
			name = Main.storyboard;
			sourceTree = "<group>";
		};
		7C64F4521FF31F75009CC5E7 /* LaunchScreen.storyboard */ = {
			isa = PBXVariantGroup;
			children = (
				7C64F4531FF31F75009CC5E7 /* Base */,
			);
			name = LaunchScreen.storyboard;
			sourceTree = "<group>";
		};
/* End PBXVariantGroup section */

/* Begin XCBuildConfiguration section */
		7C64F46C1FF31F75009CC5E7 /* Debug */ = {
			isa = XCBuildConfiguration;
			buildSettings = {
				ALWAYS_SEARCH_USER_PATHS = NO;
				CLANG_ANALYZER_NONNULL = YES;
				CLANG_ANALYZER_NUMBER_OBJECT_CONVERSION = YES_AGGRESSIVE;
				CLANG_CXX_LANGUAGE_STANDARD = "gnu++14";
				CLANG_CXX_LIBRARY = "libc++";
				CLANG_ENABLE_MODULES = YES;
				CLANG_ENABLE_OBJC_ARC = YES;
				CLANG_WARN_BLOCK_CAPTURE_AUTORELEASING = YES;
				CLANG_WARN_BOOL_CONVERSION = YES;
				CLANG_WARN_COMMA = YES;
				CLANG_WARN_CONSTANT_CONVERSION = YES;
				CLANG_WARN_DIRECT_OBJC_ISA_USAGE = YES_ERROR;
				CLANG_WARN_DOCUMENTATION_COMMENTS = YES;
				CLANG_WARN_EMPTY_BODY = YES;
				CLANG_WARN_ENUM_CONVERSION = YES;
				CLANG_WARN_INFINITE_RECURSION = YES;
				CLANG_WARN_INT_CONVERSION = YES;
				CLANG_WARN_NON_LITERAL_NULL_CONVERSION = YES;
				CLANG_WARN_OBJC_LITERAL_CONVERSION = YES;
				CLANG_WARN_OBJC_ROOT_CLASS = YES_ERROR;
				CLANG_WARN_RANGE_LOOP_ANALYSIS = YES;
				CLANG_WARN_STRICT_PROTOTYPES = YES;
				CLANG_WARN_SUSPICIOUS_MOVE = YES;
				CLANG_WARN_UNGUARDED_AVAILABILITY = YES_AGGRESSIVE;
				CLANG_WARN_UNREACHABLE_CODE = YES;
				CLANG_WARN__DUPLICATE_METHOD_MATCH = YES;
				CODE_SIGN_IDENTITY = "iPhone Developer";
				COPY_PHASE_STRIP = NO;
				DEBUG_INFORMATION_FORMAT = dwarf;
				ENABLE_STRICT_OBJC_MSGSEND = YES;
				ENABLE_TESTABILITY = YES;
				GCC_C_LANGUAGE_STANDARD = gnu11;
				GCC_DYNAMIC_NO_PIC = NO;
				GCC_NO_COMMON_BLOCKS = YES;
				GCC_OPTIMIZATION_LEVEL = 0;
				GCC_PREPROCESSOR_DEFINITIONS = (
					"DEBUG=1",
					"$(inherited)",
				);
				GCC_WARN_64_TO_32_BIT_CONVERSION = YES;
				GCC_WARN_ABOUT_RETURN_TYPE = YES_ERROR;
				GCC_WARN_UNDECLARED_SELECTOR = YES;
				GCC_WARN_UNINITIALIZED_AUTOS = YES_AGGRESSIVE;
				GCC_WARN_UNUSED_FUNCTION = YES;
				GCC_WARN_UNUSED_VARIABLE = YES;
				IPHONEOS_DEPLOYMENT_TARGET = 11.1;
				MTL_ENABLE_DEBUG_INFO = YES;
				ONLY_ACTIVE_ARCH = YES;
				SDKROOT = iphoneos;
				SWIFT_ACTIVE_COMPILATION_CONDITIONS = DEBUG;
				SWIFT_OPTIMIZATION_LEVEL = "-Onone";
			};
			name = Debug;
		};
		7C64F46D1FF31F75009CC5E7 /* Release */ = {
			isa = XCBuildConfiguration;
			buildSettings = {
				ALWAYS_SEARCH_USER_PATHS = NO;
				CLANG_ANALYZER_NONNULL = YES;
				CLANG_ANALYZER_NUMBER_OBJECT_CONVERSION = YES_AGGRESSIVE;
				CLANG_CXX_LANGUAGE_STANDARD = "gnu++14";
				CLANG_CXX_LIBRARY = "libc++";
				CLANG_ENABLE_MODULES = YES;
				CLANG_ENABLE_OBJC_ARC = YES;
				CLANG_WARN_BLOCK_CAPTURE_AUTORELEASING = YES;
				CLANG_WARN_BOOL_CONVERSION = YES;
				CLANG_WARN_COMMA = YES;
				CLANG_WARN_CONSTANT_CONVERSION = YES;
				CLANG_WARN_DIRECT_OBJC_ISA_USAGE = YES_ERROR;
				CLANG_WARN_DOCUMENTATION_COMMENTS = YES;
				CLANG_WARN_EMPTY_BODY = YES;
				CLANG_WARN_ENUM_CONVERSION = YES;
				CLANG_WARN_INFINITE_RECURSION = YES;
				CLANG_WARN_INT_CONVERSION = YES;
				CLANG_WARN_NON_LITERAL_NULL_CONVERSION = YES;
				CLANG_WARN_OBJC_LITERAL_CONVERSION = YES;
				CLANG_WARN_OBJC_ROOT_CLASS = YES_ERROR;
				CLANG_WARN_RANGE_LOOP_ANALYSIS = YES;
				CLANG_WARN_STRICT_PROTOTYPES = YES;
				CLANG_WARN_SUSPICIOUS_MOVE = YES;
				CLANG_WARN_UNGUARDED_AVAILABILITY = YES_AGGRESSIVE;
				CLANG_WARN_UNREACHABLE_CODE = YES;
				CLANG_WARN__DUPLICATE_METHOD_MATCH = YES;
				CODE_SIGN_IDENTITY = "iPhone Developer";
				COPY_PHASE_STRIP = NO;
				DEBUG_INFORMATION_FORMAT = "dwarf-with-dsym";
				ENABLE_NS_ASSERTIONS = NO;
				ENABLE_STRICT_OBJC_MSGSEND = YES;
				GCC_C_LANGUAGE_STANDARD = gnu11;
				GCC_NO_COMMON_BLOCKS = YES;
				GCC_WARN_64_TO_32_BIT_CONVERSION = YES;
				GCC_WARN_ABOUT_RETURN_TYPE = YES_ERROR;
				GCC_WARN_UNDECLARED_SELECTOR = YES;
				GCC_WARN_UNINITIALIZED_AUTOS = YES_AGGRESSIVE;
				GCC_WARN_UNUSED_FUNCTION = YES;
				GCC_WARN_UNUSED_VARIABLE = YES;
				IPHONEOS_DEPLOYMENT_TARGET = 11.1;
				MTL_ENABLE_DEBUG_INFO = NO;
				SDKROOT = iphoneos;
				SWIFT_OPTIMIZATION_LEVEL = "-Owholemodule";
				VALIDATE_PRODUCT = YES;
			};
			name = Release;
		};
		7C64F46F1FF31F75009CC5E7 /* Debug */ = {
			isa = XCBuildConfiguration;
			baseConfigurationReference = 44A803AFBC25EBE4035E5F85 /* Pods-vapeon.debug.xcconfig */;
			buildSettings = {
				ASSETCATALOG_COMPILER_APPICON_NAME = AppIcon;
				CODE_SIGN_STYLE = Automatic;
				DEVELOPMENT_TEAM = S5984C669J;
				INFOPLIST_FILE = vapeon/Info.plist;
				LD_RUNPATH_SEARCH_PATHS = "$(inherited) @executable_path/Frameworks";
				PRODUCT_BUNDLE_IDENTIFIER = bereit.vapeon;
				PRODUCT_NAME = "$(TARGET_NAME)";
				SWIFT_VERSION = 4.0;
				TARGETED_DEVICE_FAMILY = "1,2";
			};
			name = Debug;
		};
		7C64F4701FF31F75009CC5E7 /* Release */ = {
			isa = XCBuildConfiguration;
			baseConfigurationReference = A0F1DF19902910550E905B50 /* Pods-vapeon.release.xcconfig */;
			buildSettings = {
				ASSETCATALOG_COMPILER_APPICON_NAME = AppIcon;
				CODE_SIGN_STYLE = Automatic;
				DEVELOPMENT_TEAM = S5984C669J;
				INFOPLIST_FILE = vapeon/Info.plist;
				LD_RUNPATH_SEARCH_PATHS = "$(inherited) @executable_path/Frameworks";
				PRODUCT_BUNDLE_IDENTIFIER = bereit.vapeon;
				PRODUCT_NAME = "$(TARGET_NAME)";
				SWIFT_VERSION = 4.0;
				TARGETED_DEVICE_FAMILY = "1,2";
			};
			name = Release;
		};
		7C64F4721FF31F75009CC5E7 /* Debug */ = {
			isa = XCBuildConfiguration;
			baseConfigurationReference = 288D79648C191F7073A578A6 /* Pods-vapeonTests.debug.xcconfig */;
			buildSettings = {
				ALWAYS_EMBED_SWIFT_STANDARD_LIBRARIES = YES;
				BUNDLE_LOADER = "$(TEST_HOST)";
				CODE_SIGN_STYLE = Automatic;
				DEVELOPMENT_TEAM = S5984C669J;
				INFOPLIST_FILE = vapeonTests/Info.plist;
				LD_RUNPATH_SEARCH_PATHS = "$(inherited) @executable_path/Frameworks @loader_path/Frameworks";
				PRODUCT_BUNDLE_IDENTIFIER = bereit.vapeonTests;
				PRODUCT_NAME = "$(TARGET_NAME)";
				SWIFT_VERSION = 4.0;
				TARGETED_DEVICE_FAMILY = "1,2";
				TEST_HOST = "$(BUILT_PRODUCTS_DIR)/vapeon.app/vapeon";
			};
			name = Debug;
		};
		7C64F4731FF31F75009CC5E7 /* Release */ = {
			isa = XCBuildConfiguration;
			baseConfigurationReference = B7A0B7C201AE5AFFD5B58252 /* Pods-vapeonTests.release.xcconfig */;
			buildSettings = {
				ALWAYS_EMBED_SWIFT_STANDARD_LIBRARIES = YES;
				BUNDLE_LOADER = "$(TEST_HOST)";
				CODE_SIGN_STYLE = Automatic;
				DEVELOPMENT_TEAM = S5984C669J;
				INFOPLIST_FILE = vapeonTests/Info.plist;
				LD_RUNPATH_SEARCH_PATHS = "$(inherited) @executable_path/Frameworks @loader_path/Frameworks";
				PRODUCT_BUNDLE_IDENTIFIER = bereit.vapeonTests;
				PRODUCT_NAME = "$(TARGET_NAME)";
				SWIFT_VERSION = 4.0;
				TARGETED_DEVICE_FAMILY = "1,2";
				TEST_HOST = "$(BUILT_PRODUCTS_DIR)/vapeon.app/vapeon";
			};
			name = Release;
		};
		7C64F4751FF31F75009CC5E7 /* Debug */ = {
			isa = XCBuildConfiguration;
			baseConfigurationReference = 789D58CD6CDBA44DBAD43F18 /* Pods-vapeonUITests.debug.xcconfig */;
			buildSettings = {
				ALWAYS_EMBED_SWIFT_STANDARD_LIBRARIES = YES;
				CODE_SIGN_STYLE = Automatic;
				DEVELOPMENT_TEAM = S5984C669J;
				INFOPLIST_FILE = vapeonUITests/Info.plist;
				LD_RUNPATH_SEARCH_PATHS = "$(inherited) @executable_path/Frameworks @loader_path/Frameworks";
				PRODUCT_BUNDLE_IDENTIFIER = bereit.vapeonUITests;
				PRODUCT_NAME = "$(TARGET_NAME)";
				SWIFT_VERSION = 4.0;
				TARGETED_DEVICE_FAMILY = "1,2";
				TEST_TARGET_NAME = vapeon;
			};
			name = Debug;
		};
		7C64F4761FF31F75009CC5E7 /* Release */ = {
			isa = XCBuildConfiguration;
			baseConfigurationReference = 89151822A413A0ECCB3350C6 /* Pods-vapeonUITests.release.xcconfig */;
			buildSettings = {
				ALWAYS_EMBED_SWIFT_STANDARD_LIBRARIES = YES;
				CODE_SIGN_STYLE = Automatic;
				DEVELOPMENT_TEAM = S5984C669J;
				INFOPLIST_FILE = vapeonUITests/Info.plist;
				LD_RUNPATH_SEARCH_PATHS = "$(inherited) @executable_path/Frameworks @loader_path/Frameworks";
				PRODUCT_BUNDLE_IDENTIFIER = bereit.vapeonUITests;
				PRODUCT_NAME = "$(TARGET_NAME)";
				SWIFT_VERSION = 4.0;
				TARGETED_DEVICE_FAMILY = "1,2";
				TEST_TARGET_NAME = vapeon;
			};
			name = Release;
		};
/* End XCBuildConfiguration section */

/* Begin XCConfigurationList section */
		7C64F4411FF31F75009CC5E7 /* Build configuration list for PBXProject "vapeon" */ = {
			isa = XCConfigurationList;
			buildConfigurations = (
				7C64F46C1FF31F75009CC5E7 /* Debug */,
				7C64F46D1FF31F75009CC5E7 /* Release */,
			);
			defaultConfigurationIsVisible = 0;
			defaultConfigurationName = Release;
		};
		7C64F46E1FF31F75009CC5E7 /* Build configuration list for PBXNativeTarget "vapeon" */ = {
			isa = XCConfigurationList;
			buildConfigurations = (
				7C64F46F1FF31F75009CC5E7 /* Debug */,
				7C64F4701FF31F75009CC5E7 /* Release */,
			);
			defaultConfigurationIsVisible = 0;
			defaultConfigurationName = Release;
		};
		7C64F4711FF31F75009CC5E7 /* Build configuration list for PBXNativeTarget "vapeonTests" */ = {
			isa = XCConfigurationList;
			buildConfigurations = (
				7C64F4721FF31F75009CC5E7 /* Debug */,
				7C64F4731FF31F75009CC5E7 /* Release */,
			);
			defaultConfigurationIsVisible = 0;
			defaultConfigurationName = Release;
		};
		7C64F4741FF31F75009CC5E7 /* Build configuration list for PBXNativeTarget "vapeonUITests" */ = {
			isa = XCConfigurationList;
			buildConfigurations = (
				7C64F4751FF31F75009CC5E7 /* Debug */,
				7C64F4761FF31F75009CC5E7 /* Release */,
			);
			defaultConfigurationIsVisible = 0;
			defaultConfigurationName = Release;
		};
/* End XCConfigurationList section */
	};
	rootObject = 7C64F43E1FF31F75009CC5E7 /* Project object */;
}
